
Microsoft Visual Studio Solution File, Format Version 12.00
# Visual Studio 14
VisualStudioVersion = 14.0.25420.1
MinimumVisualStudioVersion = 10.0.40219.1
Project("{2150E333-8FDC-42A3-9474-1A3956D46DE8}") = "build", "build", "{1B5B091A-806C-4000-9CAB-1D298C8B4739}"
	ProjectSection(SolutionItems) = preProject
		.gitignore = .gitignore
		appveyor.yml = appveyor.yml
		build.cmd = build.cmd
		build.fsx = build.fsx
		build.sh = build.sh
		LICENSE.md = LICENSE.md
		release\package.json = release\package.json
		paket.dependencies = paket.dependencies
		README.md = README.md
		RELEASE_NOTES.md = RELEASE_NOTES.md
	EndProjectSection
EndProject
Project("{F2A71F9B-5D33-465A-A702-920D77279786}") = "TddStud10.VSCode", "src\TddStud10.VSCode.fsproj", "{D108213A-2369-4DAA-9F33-2353C5C9ED02}"
EndProject
Global
	GlobalSection(SolutionConfigurationPlatforms) = preSolution
		Debug|Any CPU = Debug|Any CPU
		Release|Any CPU = Release|Any CPU
	EndGlobalSection
	GlobalSection(ProjectConfigurationPlatforms) = postSolution
		{D108213A-2369-4DAA-9F33-2353C5C9ED02}.Debug|Any CPU.ActiveCfg = Debug|Any CPU
		{D108213A-2369-4DAA-9F33-2353C5C9ED02}.Debug|Any CPU.Build.0 = Debug|Any CPU
		{D108213A-2369-4DAA-9F33-2353C5C9ED02}.Release|Any CPU.ActiveCfg = Release|Any CPU
		{D108213A-2369-4DAA-9F33-2353C5C9ED02}.Release|Any CPU.Build.0 = Release|Any CPU
	EndGlobalSection
	GlobalSection(SolutionProperties) = preSolution
		HideSolutionNode = FALSE
	EndGlobalSection
EndGlobal
